
Microsoft Visual Studio Solution File, Format Version 12.00
# Visual Studio Version 16
VisualStudioVersion = 16.0.31005.135
MinimumVisualStudioVersion = 10.0.40219.1
Project("{FAE04EC0-301F-11D3-BF4B-00C04F79EFBC}") = "ReactApp", "ReactApp.csproj", "{23E0B6DC-3904-469A-825D-4D3B1AA6194D}"
EndProject
Global
	GlobalSection(SolutionConfigurationPlatforms) = preSolution
		Debug|Any CPU = Debug|Any CPU
		Release|Any CPU = Release|Any CPU
	EndGlobalSection
	GlobalSection(ProjectConfigurationPlatforms) = postSolution
		{23E0B6DC-3904-469A-825D-4D3B1AA6194D}.Debug|Any CPU.ActiveCfg = Debug|Any CPU
		{23E0B6DC-3904-469A-825D-4D3B1AA6194D}.Debug|Any CPU.Build.0 = Debug|Any CPU
		{23E0B6DC-3904-469A-825D-4D3B1AA6194D}.Release|Any CPU.ActiveCfg = Release|Any CPU
		{23E0B6DC-3904-469A-825D-4D3B1AA6194D}.Release|Any CPU.Build.0 = Release|Any CPU
	EndGlobalSection
	GlobalSection(SolutionProperties) = preSolution
		HideSolutionNode = FALSE
	EndGlobalSection
	GlobalSection(ExtensibilityGlobals) = postSolution
		SolutionGuid = {7C807550-6D45-43BB-96A6-0CA85C736C65}
	EndGlobalSection
EndGlobal
